
Microsoft Visual Studio Solution File, Format Version 12.00
# Visual Studio Version 17
VisualStudioVersion = 17.4.33213.308
MinimumVisualStudioVersion = 10.0.40219.1
Project("{FAE04EC0-301F-11D3-BF4B-00C04F79EFBC}") = "My.Console.Framework", "My.Console.Framework\My.Console.Framework.csproj", "{DC1E340D-6901-4550-98ED-5E03CFDFCB72}"
	ProjectSection(ProjectDependencies) = postProject
		{9EB0BAC2-8947-406A-8463-59D5F636C7B9} = {9EB0BAC2-8947-406A-8463-59D5F636C7B9}
		{BA09F234-F25E-4B0C-BBCF-40CC2F06E858} = {BA09F234-F25E-4B0C-BBCF-40CC2F06E858}
	EndProjectSection
EndProject
Project("{9A19103F-16F7-4668-BE54-9A1E7A4F7556}") = "My.PlugIn", "My.PlugIn\My.PlugIn.csproj", "{9EB0BAC2-8947-406A-8463-59D5F636C7B9}"
	ProjectSection(ProjectDependencies) = postProject
		{BA09F234-F25E-4B0C-BBCF-40CC2F06E858} = {BA09F234-F25E-4B0C-BBCF-40CC2F06E858}
	EndProjectSection
EndProject
Project("{9A19103F-16F7-4668-BE54-9A1E7A4F7556}") = "My.Console.NetCore", "My.Console.NetCore\My.Console.NetCore.csproj", "{238E7750-2CC5-4C0A-A794-11FF61402022}"
	ProjectSection(ProjectDependencies) = postProject
		{61159F8A-B9CD-4224-B98A-4FDA6000221D} = {61159F8A-B9CD-4224-B98A-4FDA6000221D}
		{9EB0BAC2-8947-406A-8463-59D5F636C7B9} = {9EB0BAC2-8947-406A-8463-59D5F636C7B9}
	EndProjectSection
EndProject
Project("{9A19103F-16F7-4668-BE54-9A1E7A4F7556}") = "My.Contract.V1", "My.Contract.V1\My.Contract.V1.csproj", "{BA09F234-F25E-4B0C-BBCF-40CC2F06E858}"
EndProject
Project("{9A19103F-16F7-4668-BE54-9A1E7A4F7556}") = "My.Contract.V2", "My.Contract.V2\My.Contract.V2.csproj", "{61159F8A-B9CD-4224-B98A-4FDA6000221D}"
EndProject
Project("{2150E333-8FDC-42A3-9474-1A3956D46DE8}") = "ソリューション項目", "ソリューション項目", "{258DCCD8-3DAB-4796-8F03-B8BCC9BE9C32}"
	ProjectSection(SolutionItems) = preProject
		readme.md = readme.md
	EndProjectSection
EndProject
Global
	GlobalSection(SolutionConfigurationPlatforms) = preSolution
		V1_V2|Any CPU = V1_V2|Any CPU
		V2_V1|Any CPU = V2_V1|Any CPU
		V2_V2|Any CPU = V2_V2|Any CPU
	EndGlobalSection
	GlobalSection(ProjectConfigurationPlatforms) = postSolution
		{DC1E340D-6901-4550-98ED-5E03CFDFCB72}.V1_V2|Any CPU.ActiveCfg = V1_V2|Any CPU
		{DC1E340D-6901-4550-98ED-5E03CFDFCB72}.V1_V2|Any CPU.Build.0 = V1_V2|Any CPU
		{DC1E340D-6901-4550-98ED-5E03CFDFCB72}.V2_V1|Any CPU.ActiveCfg = V2_V1|Any CPU
		{DC1E340D-6901-4550-98ED-5E03CFDFCB72}.V2_V1|Any CPU.Build.0 = V2_V1|Any CPU
		{DC1E340D-6901-4550-98ED-5E03CFDFCB72}.V2_V2|Any CPU.ActiveCfg = V2_V2|Any CPU
		{DC1E340D-6901-4550-98ED-5E03CFDFCB72}.V2_V2|Any CPU.Build.0 = V2_V2|Any CPU
		{9EB0BAC2-8947-406A-8463-59D5F636C7B9}.V1_V2|Any CPU.ActiveCfg = V2|Any CPU
		{9EB0BAC2-8947-406A-8463-59D5F636C7B9}.V1_V2|Any CPU.Build.0 = V2|Any CPU
		{9EB0BAC2-8947-406A-8463-59D5F636C7B9}.V2_V1|Any CPU.ActiveCfg = V1|Any CPU
		{9EB0BAC2-8947-406A-8463-59D5F636C7B9}.V2_V1|Any CPU.Build.0 = V1|Any CPU
		{9EB0BAC2-8947-406A-8463-59D5F636C7B9}.V2_V2|Any CPU.ActiveCfg = V2|Any CPU
		{9EB0BAC2-8947-406A-8463-59D5F636C7B9}.V2_V2|Any CPU.Build.0 = V2|Any CPU
		{238E7750-2CC5-4C0A-A794-11FF61402022}.V1_V2|Any CPU.ActiveCfg = V1_V2|Any CPU
		{238E7750-2CC5-4C0A-A794-11FF61402022}.V1_V2|Any CPU.Build.0 = V1_V2|Any CPU
		{238E7750-2CC5-4C0A-A794-11FF61402022}.V2_V1|Any CPU.ActiveCfg = V2_V1|Any CPU
		{238E7750-2CC5-4C0A-A794-11FF61402022}.V2_V1|Any CPU.Build.0 = V2_V1|Any CPU
		{238E7750-2CC5-4C0A-A794-11FF61402022}.V2_V2|Any CPU.ActiveCfg = V2_V2|Any CPU
		{238E7750-2CC5-4C0A-A794-11FF61402022}.V2_V2|Any CPU.Build.0 = V2_V2|Any CPU
		{BA09F234-F25E-4B0C-BBCF-40CC2F06E858}.V1_V2|Any CPU.ActiveCfg = Debug|Any CPU
		{BA09F234-F25E-4B0C-BBCF-40CC2F06E858}.V1_V2|Any CPU.Build.0 = Debug|Any CPU
		{BA09F234-F25E-4B0C-BBCF-40CC2F06E858}.V2_V1|Any CPU.ActiveCfg = Debug|Any CPU
		{BA09F234-F25E-4B0C-BBCF-40CC2F06E858}.V2_V1|Any CPU.Build.0 = Debug|Any CPU
		{BA09F234-F25E-4B0C-BBCF-40CC2F06E858}.V2_V2|Any CPU.ActiveCfg = Debug|Any CPU
		{BA09F234-F25E-4B0C-BBCF-40CC2F06E858}.V2_V2|Any CPU.Build.0 = Debug|Any CPU
		{61159F8A-B9CD-4224-B98A-4FDA6000221D}.V1_V2|Any CPU.ActiveCfg = Debug|Any CPU
		{61159F8A-B9CD-4224-B98A-4FDA6000221D}.V1_V2|Any CPU.Build.0 = Debug|Any CPU
		{61159F8A-B9CD-4224-B98A-4FDA6000221D}.V2_V1|Any CPU.ActiveCfg = Debug|Any CPU
		{61159F8A-B9CD-4224-B98A-4FDA6000221D}.V2_V1|Any CPU.Build.0 = Debug|Any CPU
		{61159F8A-B9CD-4224-B98A-4FDA6000221D}.V2_V2|Any CPU.ActiveCfg = Debug|Any CPU
		{61159F8A-B9CD-4224-B98A-4FDA6000221D}.V2_V2|Any CPU.Build.0 = Debug|Any CPU
	EndGlobalSection
	GlobalSection(SolutionProperties) = preSolution
		HideSolutionNode = FALSE
	EndGlobalSection
	GlobalSection(ExtensibilityGlobals) = postSolution
		SolutionGuid = {D94A3685-96A7-4A0C-AC94-BB77F4841A7B}
	EndGlobalSection
EndGlobal
